{
  "version": 4,
  "terraform_version": "0.13.0",
  "serial": 6,
  "lineage": "e50604e5-6b16-6c27-51bc-67078165544b",
  "outputs": {},
  "resources": [
    {
      "mode": "managed",
      "type": "hcloud_server",
      "name": "web",
      "provider": "provider[\"registry.terraform.io/terraform-providers/hcloud\"]",
      "instances": [
        {
          "schema_version": 0,
          "attributes": {
            "backup_window": "",
            "backups": false,
            "datacenter": "hel1-dc2",
            "firewall_ids": null,
            "id": "12806104",
            "image": "ubuntu-18.04",
            "ipv4_address": "65.21.184.248",
            "ipv6_address": "2a01:4f9:c010:840d::1",
            "ipv6_network": "2a01:4f9:c010:840d::/64",
            "iso": null,
            "keep_disk": false,
            "labels": null,
            "location": "hel1",
            "name": "demo-server",
            "network": [],
            "rescue": null,
            "server_type": "cx11",
            "ssh_keys": null,
            "status": "running",
            "user_data": null
          },
          "private": "bnVsbA=="
        }
      ]
    },
    {
      "mode": "managed",
      "type": "hcloud_volume",
      "name": "storage",
      "provider": "provider[\"registry.terraform.io/terraform-providers/hcloud\"]",
      "instances": [
        {
          "schema_version": 0,
          "attributes": {
            "automount": true,
            "format": "ext4",
            "id": "12028724",
            "labels": null,
            "linux_device": "/dev/disk/by-id/scsi-0HC_Volume_12028724",
            "location": "hel1",
            "name": "demo_volume",
            "server_id": 12806104,
            "size": 50
          },
          "private": "bnVsbA==",
          "dependencies": [
            "hcloud_server.web"
          ]
        }
      ]
    }
  ]
}
